
Microsoft Visual Studio Solution File, Format Version 12.00
# Visual Studio Version 17
VisualStudioVersion = 17.8.34330.188
MinimumVisualStudioVersion = 10.0.40219.1
Project("{FAE04EC0-301F-11D3-BF4B-00C04F79EFBC}") = "JWTTest", "JWTTest\JWTTest.csproj", "{DB66988A-96FE-4A3A-9801-92FD716160CA}"
EndProject
Global
	GlobalSection(SolutionConfigurationPlatforms) = preSolution
		Debug|Any CPU = Debug|Any CPU
		Release|Any CPU = Release|Any CPU
	EndGlobalSection
	GlobalSection(ProjectConfigurationPlatforms) = postSolution
		{DB66988A-96FE-4A3A-9801-92FD716160CA}.Debug|Any CPU.ActiveCfg = Debug|Any CPU
		{DB66988A-96FE-4A3A-9801-92FD716160CA}.Debug|Any CPU.Build.0 = Debug|Any CPU
		{DB66988A-96FE-4A3A-9801-92FD716160CA}.Release|Any CPU.ActiveCfg = Release|Any CPU
		{DB66988A-96FE-4A3A-9801-92FD716160CA}.Release|Any CPU.Build.0 = Release|Any CPU
	EndGlobalSection
	GlobalSection(SolutionProperties) = preSolution
		HideSolutionNode = FALSE
	EndGlobalSection
	GlobalSection(ExtensibilityGlobals) = postSolution
		SolutionGuid = {21BB42A2-E301-4A0F-A054-07F73DE4276F}
	EndGlobalSection
EndGlobal
